
Microsoft Visual Studio Solution File, Format Version 12.00
# Visual Studio 15
VisualStudioVersion = 15.0.28307.421
MinimumVisualStudioVersion = 10.0.40219.1
Project("{FAE04EC0-301F-11D3-BF4B-00C04F79EFBC}") = "JsonPatchExample", "JsonPatchExample\JsonPatchExample.csproj", "{CC336F60-340D-421F-B408-50B86228EE20}"
EndProject
Global
	GlobalSection(SolutionConfigurationPlatforms) = preSolution
		Debug|Any CPU = Debug|Any CPU
		Release|Any CPU = Release|Any CPU
	EndGlobalSection
	GlobalSection(ProjectConfigurationPlatforms) = postSolution
		{CC336F60-340D-421F-B408-50B86228EE20}.Debug|Any CPU.ActiveCfg = Debug|Any CPU
		{CC336F60-340D-421F-B408-50B86228EE20}.Debug|Any CPU.Build.0 = Debug|Any CPU
		{CC336F60-340D-421F-B408-50B86228EE20}.Release|Any CPU.ActiveCfg = Release|Any CPU
		{CC336F60-340D-421F-B408-50B86228EE20}.Release|Any CPU.Build.0 = Release|Any CPU
	EndGlobalSection
	GlobalSection(SolutionProperties) = preSolution
		HideSolutionNode = FALSE
	EndGlobalSection
	GlobalSection(ExtensibilityGlobals) = postSolution
		SolutionGuid = {EBF953BC-1D1A-486D-9381-B7015A88BFD8}
	EndGlobalSection
EndGlobal
